// !$*UTF8*$!
{
	archiveVersion = 1;
	classes = {
	};
	objectVersion = 46;
	objects = {

/* Begin PBXBuildFile section */
		74172EDD1E5FEBE5000F2098 /* WordSets.swift in Sources */ = {isa = PBXBuildFile; fileRef = 74172EDC1E5FEBE5000F2098 /* WordSets.swift */; };
		DCA97F921E80BD07007ABA50 /* UIView+Snapshot.swift in Sources */ = {isa = PBXBuildFile; fileRef = DCA97F911E80BD07007ABA50 /* UIView+Snapshot.swift */; };
		DEF6F90C1E81C66E001BD459 /* MyAppData.swift in Sources */ = {isa = PBXBuildFile; fileRef = DEF6F90B1E81C66E001BD459 /* MyAppData.swift */; };
		E86258531E5E3CF900B4FFB6 /* ThemeCategoryTVC.swift in Sources */ = {isa = PBXBuildFile; fileRef = E86258521E5E3CF900B4FFB6 /* ThemeCategoryTVC.swift */; };
		E89A135B1E4A583700BD626C /* AppDelegate.swift in Sources */ = {isa = PBXBuildFile; fileRef = E89A135A1E4A583700BD626C /* AppDelegate.swift */; };
		E89A135D1E4A583700BD626C /* ViewController.swift in Sources */ = {isa = PBXBuildFile; fileRef = E89A135C1E4A583700BD626C /* ViewController.swift */; };
		E89A13601E4A583700BD626C /* Main.storyboard in Resources */ = {isa = PBXBuildFile; fileRef = E89A135E1E4A583700BD626C /* Main.storyboard */; };
		E89A13621E4A583700BD626C /* Assets.xcassets in Resources */ = {isa = PBXBuildFile; fileRef = E89A13611E4A583700BD626C /* Assets.xcassets */; };
		E89A13651E4A583700BD626C /* LaunchScreen.storyboard in Resources */ = {isa = PBXBuildFile; fileRef = E89A13631E4A583700BD626C /* LaunchScreen.storyboard */; };
/* End PBXBuildFile section */

/* Begin PBXFileReference section */
		74172EDC1E5FEBE5000F2098 /* WordSets.swift */ = {isa = PBXFileReference; fileEncoding = 4; lastKnownFileType = sourcecode.swift; path = WordSets.swift; sourceTree = "<group>"; };
		DCA97F911E80BD07007ABA50 /* UIView+Snapshot.swift */ = {isa = PBXFileReference; fileEncoding = 4; lastKnownFileType = sourcecode.swift; path = "UIView+Snapshot.swift"; sourceTree = "<group>"; };
		DEF6F90B1E81C66E001BD459 /* MyAppData.swift */ = {isa = PBXFileReference; fileEncoding = 4; lastKnownFileType = sourcecode.swift; path = MyAppData.swift; sourceTree = "<group>"; };
		E86258521E5E3CF900B4FFB6 /* ThemeCategoryTVC.swift */ = {isa = PBXFileReference; fileEncoding = 4; lastKnownFileType = sourcecode.swift; path = ThemeCategoryTVC.swift; sourceTree = "<group>"; };
		E89A13571E4A583700BD626C /* MedievalPoet.app */ = {isa = PBXFileReference; explicitFileType = wrapper.application; includeInIndex = 0; path = MedievalPoet.app; sourceTree = BUILT_PRODUCTS_DIR; };
		E89A135A1E4A583700BD626C /* AppDelegate.swift */ = {isa = PBXFileReference; lastKnownFileType = sourcecode.swift; path = AppDelegate.swift; sourceTree = "<group>"; };
		E89A135C1E4A583700BD626C /* ViewController.swift */ = {isa = PBXFileReference; lastKnownFileType = sourcecode.swift; path = ViewController.swift; sourceTree = "<group>"; };
		E89A135F1E4A583700BD626C /* Base */ = {isa = PBXFileReference; lastKnownFileType = file.storyboard; name = Base; path = Base.lproj/Main.storyboard; sourceTree = "<group>"; };
		E89A13611E4A583700BD626C /* Assets.xcassets */ = {isa = PBXFileReference; lastKnownFileType = folder.assetcatalog; path = Assets.xcassets; sourceTree = "<group>"; };
		E89A13641E4A583700BD626C /* Base */ = {isa = PBXFileReference; lastKnownFileType = file.storyboard; name = Base; path = Base.lproj/LaunchScreen.storyboard; sourceTree = "<group>"; };
		E89A13661E4A583700BD626C /* Info.plist */ = {isa = PBXFileReference; lastKnownFileType = text.plist.xml; path = Info.plist; sourceTree = "<group>"; };
/* End PBXFileReference section */

/* Begin PBXFrameworksBuildPhase section */
		E89A13541E4A583700BD626C /* Frameworks */ = {
			isa = PBXFrameworksBuildPhase;
			buildActionMask = 2147483647;
			files = (
			);
			runOnlyForDeploymentPostprocessing = 0;
		};
/* End PBXFrameworksBuildPhase section */

/* Begin PBXGroup section */
		742ABB461E879AE400CED0CA /* Extensions */ = {
			isa = PBXGroup;
			children = (
				DCA97F911E80BD07007ABA50 /* UIView+Snapshot.swift */,
			);
			name = Extensions;
			sourceTree = "<group>";
		};
		DCA97F8F1E80BCA2007ABA50 /* VC */ = {
			isa = PBXGroup;
			children = (
				E89A135C1E4A583700BD626C /* ViewController.swift */,
				E86258521E5E3CF900B4FFB6 /* ThemeCategoryTVC.swift */,
			);
			name = VC;
			sourceTree = "<group>";
		};
		DCA97F901E80BCC5007ABA50 /* Model */ = {
			isa = PBXGroup;
			children = (
				74172EDC1E5FEBE5000F2098 /* WordSets.swift */,
				E89A13631E4A583700BD626C /* LaunchScreen.storyboard */,
				E89A135E1E4A583700BD626C /* Main.storyboard */,
			);
			name = Model;
			sourceTree = "<group>";
		};
		E89A134E1E4A583700BD626C = {
			isa = PBXGroup;
			children = (
				E89A13591E4A583700BD626C /* MedievalPoetry */,
				E89A13581E4A583700BD626C /* Products */,
			);
			sourceTree = "<group>";
		};
		E89A13581E4A583700BD626C /* Products */ = {
			isa = PBXGroup;
			children = (
				E89A13571E4A583700BD626C /* MedievalPoet.app */,
			);
			name = Products;
			sourceTree = "<group>";
		};
		E89A13591E4A583700BD626C /* MedievalPoetry */ = {
			isa = PBXGroup;
			children = (
				E89A135A1E4A583700BD626C /* AppDelegate.swift */,
				DEF6F90B1E81C66E001BD459 /* MyAppData.swift */,
				742ABB461E879AE400CED0CA /* Extensions */,
				DCA97F8F1E80BCA2007ABA50 /* VC */,
				DCA97F901E80BCC5007ABA50 /* Model */,
				E89A13611E4A583700BD626C /* Assets.xcassets */,
				E89A13661E4A583700BD626C /* Info.plist */,
			);
			name = MedievalPoetry;
			path = Magneto1;
			sourceTree = "<group>";
		};
/* End PBXGroup section */

/* Begin PBXNativeTarget section */
		E89A13561E4A583700BD626C /* MedievalPoet */ = {
			isa = PBXNativeTarget;
			buildConfigurationList = E89A13691E4A583700BD626C /* Build configuration list for PBXNativeTarget "MedievalPoet" */;
			buildPhases = (
				E89A13531E4A583700BD626C /* Sources */,
				E89A13541E4A583700BD626C /* Frameworks */,
				E89A13551E4A583700BD626C /* Resources */,
			);
			buildRules = (
			);
			dependencies = (
			);
			name = MedievalPoet;
			productName = Magneto1;
			productReference = E89A13571E4A583700BD626C /* MedievalPoet.app */;
			productType = "com.apple.product-type.application";
		};
/* End PBXNativeTarget section */

/* Begin PBXProject section */
		E89A134F1E4A583700BD626C /* Project object */ = {
			isa = PBXProject;
			attributes = {
				LastSwiftUpdateCheck = 0820;
				LastUpgradeCheck = 0820;
				ORGANIZATIONNAME = igmstu;
				TargetAttributes = {
					E89A13561E4A583700BD626C = {
						CreatedOnToolsVersion = 8.2.1;
						DevelopmentTeam = P435H3EX7D;
						ProvisioningStyle = Automatic;
					};
				};
			};
			buildConfigurationList = E89A13521E4A583700BD626C /* Build configuration list for PBXProject "MedievalPoet" */;
			compatibilityVersion = "Xcode 3.2";
			developmentRegion = English;
			hasScannedForEncodings = 0;
			knownRegions = (
				en,
				Base,
			);
			mainGroup = E89A134E1E4A583700BD626C;
			productRefGroup = E89A13581E4A583700BD626C /* Products */;
			projectDirPath = "";
			projectRoot = "";
			targets = (
				E89A13561E4A583700BD626C /* MedievalPoet */,
			);
		};
/* End PBXProject section */

/* Begin PBXResourcesBuildPhase section */
		E89A13551E4A583700BD626C /* Resources */ = {
			isa = PBXResourcesBuildPhase;
			buildActionMask = 2147483647;
			files = (
				E89A13651E4A583700BD626C /* LaunchScreen.storyboard in Resources */,
				E89A13621E4A583700BD626C /* Assets.xcassets in Resources */,
				E89A13601E4A583700BD626C /* Main.storyboard in Resources */,
			);
			runOnlyForDeploymentPostprocessing = 0;
		};
/* End PBXResourcesBuildPhase section */

/* Begin PBXSourcesBuildPhase section */
		E89A13531E4A583700BD626C /* Sources */ = {
			isa = PBXSourcesBuildPhase;
			buildActionMask = 2147483647;
			files = (
				74172EDD1E5FEBE5000F2098 /* WordSets.swift in Sources */,
				E89A135D1E4A583700BD626C /* ViewController.swift in Sources */,
				E89A135B1E4A583700BD626C /* AppDelegate.swift in Sources */,
				DCA97F921E80BD07007ABA50 /* UIView+Snapshot.swift in Sources */,
				E86258531E5E3CF900B4FFB6 /* ThemeCategoryTVC.swift in Sources */,
				DEF6F90C1E81C66E001BD459 /* MyAppData.swift in Sources */,
			);
			runOnlyForDeploymentPostprocessing = 0;
		};
/* End PBXSourcesBuildPhase section */

/* Begin PBXVariantGroup section */
		E89A135E1E4A583700BD626C /* Main.storyboard */ = {
			isa = PBXVariantGroup;
			children = (
				E89A135F1E4A583700BD626C /* Base */,
			);
			name = Main.storyboard;
			sourceTree = "<group>";
		};
		E89A13631E4A583700BD626C /* LaunchScreen.storyboard */ = {
			isa = PBXVariantGroup;
			children = (
				E89A13641E4A583700BD626C /* Base */,
			);
			name = LaunchScreen.storyboard;
			sourceTree = "<group>";
		};
/* End PBXVariantGroup section */

/* Begin XCBuildConfiguration section */
		E89A13671E4A583700BD626C /* Debug */ = {
			isa = XCBuildConfiguration;
			buildSettings = {
				ALWAYS_SEARCH_USER_PATHS = NO;
				CLANG_ANALYZER_NONNULL = YES;
				CLANG_CXX_LANGUAGE_STANDARD = "gnu++0x";
				CLANG_CXX_LIBRARY = "libc++";
				CLANG_ENABLE_MODULES = YES;
				CLANG_ENABLE_OBJC_ARC = YES;
				CLANG_WARN_BOOL_CONVERSION = YES;
				CLANG_WARN_CONSTANT_CONVERSION = YES;
				CLANG_WARN_DIRECT_OBJC_ISA_USAGE = YES_ERROR;
				CLANG_WARN_DOCUMENTATION_COMMENTS = YES;
				CLANG_WARN_EMPTY_BODY = YES;
				CLANG_WARN_ENUM_CONVERSION = YES;
				CLANG_WARN_INFINITE_RECURSION = YES;
				CLANG_WARN_INT_CONVERSION = YES;
				CLANG_WARN_OBJC_ROOT_CLASS = YES_ERROR;
				CLANG_WARN_SUSPICIOUS_MOVE = YES;
				CLANG_WARN_UNREACHABLE_CODE = YES;
				CLANG_WARN__DUPLICATE_METHOD_MATCH = YES;
				"CODE_SIGN_IDENTITY[sdk=iphoneos*]" = "iPhone Developer";
				COPY_PHASE_STRIP = NO;
				DEBUG_INFORMATION_FORMAT = dwarf;
				ENABLE_STRICT_OBJC_MSGSEND = YES;
				ENABLE_TESTABILITY = YES;
				GCC_C_LANGUAGE_STANDARD = gnu99;
				GCC_DYNAMIC_NO_PIC = NO;
				GCC_NO_COMMON_BLOCKS = YES;
				GCC_OPTIMIZATION_LEVEL = 0;
				GCC_PREPROCESSOR_DEFINITIONS = (
					"DEBUG=1",
					"$(inherited)",
				);
				GCC_WARN_64_TO_32_BIT_CONVERSION = YES;
				GCC_WARN_ABOUT_RETURN_TYPE = YES_ERROR;
				GCC_WARN_UNDECLARED_SELECTOR = YES;
				GCC_WARN_UNINITIALIZED_AUTOS = YES_AGGRESSIVE;
				GCC_WARN_UNUSED_FUNCTION = YES;
				GCC_WARN_UNUSED_VARIABLE = YES;
				IPHONEOS_DEPLOYMENT_TARGET = 10.2;
				MTL_ENABLE_DEBUG_INFO = YES;
				ONLY_ACTIVE_ARCH = YES;
				SDKROOT = iphoneos;
				SWIFT_ACTIVE_COMPILATION_CONDITIONS = DEBUG;
				SWIFT_OPTIMIZATION_LEVEL = "-Onone";
				TARGETED_DEVICE_FAMILY = "1,2";
			};
			name = Debug;
		};
		E89A13681E4A583700BD626C /* Release */ = {
			isa = XCBuildConfiguration;
			buildSettings = {
				ALWAYS_SEARCH_USER_PATHS = NO;
				CLANG_ANALYZER_NONNULL = YES;
				CLANG_CXX_LANGUAGE_STANDARD = "gnu++0x";
				CLANG_CXX_LIBRARY = "libc++";
				CLANG_ENABLE_MODULES = YES;
				CLANG_ENABLE_OBJC_ARC = YES;
				CLANG_WARN_BOOL_CONVERSION = YES;
				CLANG_WARN_CONSTANT_CONVERSION = YES;
				CLANG_WARN_DIRECT_OBJC_ISA_USAGE = YES_ERROR;
				CLANG_WARN_DOCUMENTATION_COMMENTS = YES;
				CLANG_WARN_EMPTY_BODY = YES;
				CLANG_WARN_ENUM_CONVERSION = YES;
				CLANG_WARN_INFINITE_RECURSION = YES;
				CLANG_WARN_INT_CONVERSION = YES;
				CLANG_WARN_OBJC_ROOT_CLASS = YES_ERROR;
				CLANG_WARN_SUSPICIOUS_MOVE = YES;
				CLANG_WARN_UNREACHABLE_CODE = YES;
				CLANG_WARN__DUPLICATE_METHOD_MATCH = YES;
				"CODE_SIGN_IDENTITY[sdk=iphoneos*]" = "iPhone Developer";
				COPY_PHASE_STRIP = NO;
				DEBUG_INFORMATION_FORMAT = "dwarf-with-dsym";
				ENABLE_NS_ASSERTIONS = NO;
				ENABLE_STRICT_OBJC_MSGSEND = YES;
				GCC_C_LANGUAGE_STANDARD = gnu99;
				GCC_NO_COMMON_BLOCKS = YES;
				GCC_WARN_64_TO_32_BIT_CONVERSION = YES;
				GCC_WARN_ABOUT_RETURN_TYPE = YES_ERROR;
				GCC_WARN_UNDECLARED_SELECTOR = YES;
				GCC_WARN_UNINITIALIZED_AUTOS = YES_AGGRESSIVE;
				GCC_WARN_UNUSED_FUNCTION = YES;
				GCC_WARN_UNUSED_VARIABLE = YES;
				IPHONEOS_DEPLOYMENT_TARGET = 10.2;
				MTL_ENABLE_DEBUG_INFO = NO;
				SDKROOT = iphoneos;
				SWIFT_OPTIMIZATION_LEVEL = "-Owholemodule";
				TARGETED_DEVICE_FAMILY = "1,2";
				VALIDATE_PRODUCT = YES;
			};
			name = Release;
		};
		E89A136A1E4A583700BD626C /* Debug */ = {
			isa = XCBuildConfiguration;
			buildSettings = {
				ASSETCATALOG_COMPILER_APPICON_NAME = AppIcon;
				"CODE_SIGN_IDENTITY[sdk=iphoneos*]" = "iPhone Developer";
				DEVELOPMENT_TEAM = P435H3EX7D;
				INFOPLIST_FILE = Magneto1/Info.plist;
				LD_RUNPATH_SEARCH_PATHS = "$(inherited) @executable_path/Frameworks";
				PRODUCT_BUNDLE_IDENTIFIER = final.Magneto1;
				PRODUCT_NAME = "$(TARGET_NAME)";
				SWIFT_VERSION = 3.0;
			};
			name = Debug;
		};
		E89A136B1E4A583700BD626C /* Release */ = {
			isa = XCBuildConfiguration;
			buildSettings = {
				ASSETCATALOG_COMPILER_APPICON_NAME = AppIcon;
				"CODE_SIGN_IDENTITY[sdk=iphoneos*]" = "iPhone Developer";
				DEVELOPMENT_TEAM = P435H3EX7D;
				INFOPLIST_FILE = Magneto1/Info.plist;
				LD_RUNPATH_SEARCH_PATHS = "$(inherited) @executable_path/Frameworks";
				PRODUCT_BUNDLE_IDENTIFIER = final.Magneto1;
				PRODUCT_NAME = "$(TARGET_NAME)";
				SWIFT_VERSION = 3.0;
			};
			name = Release;
		};
/* End XCBuildConfiguration section */

/* Begin XCConfigurationList section */
		E89A13521E4A583700BD626C /* Build configuration list for PBXProject "MedievalPoet" */ = {
			isa = XCConfigurationList;
			buildConfigurations = (
				E89A13671E4A583700BD626C /* Debug */,
				E89A13681E4A583700BD626C /* Release */,
			);
			defaultConfigurationIsVisible = 0;
			defaultConfigurationName = Release;
		};
		E89A13691E4A583700BD626C /* Build configuration list for PBXNativeTarget "MedievalPoet" */ = {
			isa = XCConfigurationList;
			buildConfigurations = (
				E89A136A1E4A583700BD626C /* Debug */,
				E89A136B1E4A583700BD626C /* Release */,
			);
			defaultConfigurationIsVisible = 0;
			defaultConfigurationName = Release;
		};
/* End XCConfigurationList section */
	};
	rootObject = E89A134F1E4A583700BD626C /* Project object */;
}
